
Microsoft Visual Studio Solution File, Format Version 12.00
# Visual Studio Version 16
VisualStudioVersion = 16.0.32428.217
MinimumVisualStudioVersion = 10.0.40219.1
Project("{FAE04EC0-301F-11D3-BF4B-00C04F79EFBC}") = "ProagroDemo", "ProagroDemo\ProagroDemo.csproj", "{3FA729CB-7ABF-4835-B0B9-C4C4A8EDEF98}"
EndProject
Project("{FAE04EC0-301F-11D3-BF4B-00C04F79EFBC}") = "DBAccess", "DBAccess\DBAccess.csproj", "{509AA519-67B3-4FCF-9EFB-DCAB4AF0A575}"
EndProject
Global
	GlobalSection(SolutionConfigurationPlatforms) = preSolution
		Debug|Any CPU = Debug|Any CPU
		Release|Any CPU = Release|Any CPU
	EndGlobalSection
	GlobalSection(ProjectConfigurationPlatforms) = postSolution
		{3FA729CB-7ABF-4835-B0B9-C4C4A8EDEF98}.Debug|Any CPU.ActiveCfg = Debug|Any CPU
		{3FA729CB-7ABF-4835-B0B9-C4C4A8EDEF98}.Debug|Any CPU.Build.0 = Debug|Any CPU
		{3FA729CB-7ABF-4835-B0B9-C4C4A8EDEF98}.Release|Any CPU.ActiveCfg = Release|Any CPU
		{3FA729CB-7ABF-4835-B0B9-C4C4A8EDEF98}.Release|Any CPU.Build.0 = Release|Any CPU
		{509AA519-67B3-4FCF-9EFB-DCAB4AF0A575}.Debug|Any CPU.ActiveCfg = Debug|Any CPU
		{509AA519-67B3-4FCF-9EFB-DCAB4AF0A575}.Debug|Any CPU.Build.0 = Debug|Any CPU
		{509AA519-67B3-4FCF-9EFB-DCAB4AF0A575}.Release|Any CPU.ActiveCfg = Release|Any CPU
		{509AA519-67B3-4FCF-9EFB-DCAB4AF0A575}.Release|Any CPU.Build.0 = Release|Any CPU
	EndGlobalSection
	GlobalSection(SolutionProperties) = preSolution
		HideSolutionNode = FALSE
	EndGlobalSection
	GlobalSection(ExtensibilityGlobals) = postSolution
		SolutionGuid = {7DD8A484-7564-42F6-8020-A831E5DBEFE4}
	EndGlobalSection
EndGlobal
